
Microsoft Visual Studio Solution File, Format Version 12.00
# Visual Studio Version 17
VisualStudioVersion = 17.0.32112.339
MinimumVisualStudioVersion = 10.0.40219.1
Project("{9A19103F-16F7-4668-BE54-9A1E7A4F7556}") = "Server", "Server\Server.csproj", "{8F649F15-36B5-4B0F-8674-F27CE1391211}"
EndProject
Project("{9A19103F-16F7-4668-BE54-9A1E7A4F7556}") = "ServerCore", "ServerCore\ServerCore.csproj", "{DDBA69E3-5151-4C54-A74C-773A93616BD8}"
EndProject
Project("{9A19103F-16F7-4668-BE54-9A1E7A4F7556}") = "DummyClient", "DummyClient\DummyClient.csproj", "{60A083C5-7195-4C01-82AC-DCCC2AA45904}"
EndProject
Project("{2150E333-8FDC-42A3-9474-1A3956D46DE8}") = "Tools", "Tools", "{8441C6F4-6EEC-4A1F-B9CF-8B3B465EBF87}"
EndProject
Project("{9A19103F-16F7-4668-BE54-9A1E7A4F7556}") = "PacketGenerator", "PacketGenerator\PacketGenerator.csproj", "{F8BE69B3-800C-487D-BDF2-7EDED239F2AE}"
EndProject
Global
	GlobalSection(SolutionConfigurationPlatforms) = preSolution
		Debug|Any CPU = Debug|Any CPU
		Release|Any CPU = Release|Any CPU
	EndGlobalSection
	GlobalSection(ProjectConfigurationPlatforms) = postSolution
		{8F649F15-36B5-4B0F-8674-F27CE1391211}.Debug|Any CPU.ActiveCfg = Debug|Any CPU
		{8F649F15-36B5-4B0F-8674-F27CE1391211}.Debug|Any CPU.Build.0 = Debug|Any CPU
		{8F649F15-36B5-4B0F-8674-F27CE1391211}.Release|Any CPU.ActiveCfg = Release|Any CPU
		{8F649F15-36B5-4B0F-8674-F27CE1391211}.Release|Any CPU.Build.0 = Release|Any CPU
		{DDBA69E3-5151-4C54-A74C-773A93616BD8}.Debug|Any CPU.ActiveCfg = Debug|Any CPU
		{DDBA69E3-5151-4C54-A74C-773A93616BD8}.Debug|Any CPU.Build.0 = Debug|Any CPU
		{DDBA69E3-5151-4C54-A74C-773A93616BD8}.Release|Any CPU.ActiveCfg = Release|Any CPU
		{DDBA69E3-5151-4C54-A74C-773A93616BD8}.Release|Any CPU.Build.0 = Release|Any CPU
		{60A083C5-7195-4C01-82AC-DCCC2AA45904}.Debug|Any CPU.ActiveCfg = Debug|Any CPU
		{60A083C5-7195-4C01-82AC-DCCC2AA45904}.Debug|Any CPU.Build.0 = Debug|Any CPU
		{60A083C5-7195-4C01-82AC-DCCC2AA45904}.Release|Any CPU.ActiveCfg = Release|Any CPU
		{60A083C5-7195-4C01-82AC-DCCC2AA45904}.Release|Any CPU.Build.0 = Release|Any CPU
		{F8BE69B3-800C-487D-BDF2-7EDED239F2AE}.Debug|Any CPU.ActiveCfg = Debug|Any CPU
		{F8BE69B3-800C-487D-BDF2-7EDED239F2AE}.Debug|Any CPU.Build.0 = Debug|Any CPU
		{F8BE69B3-800C-487D-BDF2-7EDED239F2AE}.Release|Any CPU.ActiveCfg = Release|Any CPU
		{F8BE69B3-800C-487D-BDF2-7EDED239F2AE}.Release|Any CPU.Build.0 = Release|Any CPU
	EndGlobalSection
	GlobalSection(SolutionProperties) = preSolution
		HideSolutionNode = FALSE
	EndGlobalSection
	GlobalSection(NestedProjects) = preSolution
		{F8BE69B3-800C-487D-BDF2-7EDED239F2AE} = {8441C6F4-6EEC-4A1F-B9CF-8B3B465EBF87}
	EndGlobalSection
	GlobalSection(ExtensibilityGlobals) = postSolution
		SolutionGuid = {01629E30-D6C8-49C1-A7FA-75C5EDBE51AD}
	EndGlobalSection
EndGlobal
